
Microsoft Visual Studio Solution File, Format Version 12.00
# Visual Studio 2012
Project("{FAE04EC0-301F-11D3-BF4B-00C04F79EFBC}") = "Sitecore.Partner.AboutInformation.Module", "Sitecore.Partner.AboutInformation.Module\Sitecore.Partner.AboutInformation.Module.csproj", "{D0B1B2E2-17F1-445A-B1BE-0DEC77927B0C}"
EndProject
Project("{CAA73BB0-EF22-4D79-A57E-DF67B3BA9C80}") = "Sitecore.Partner.AboutInformation.Module.TDS.Master", "Sitecore.Partner.AboutInformation.Module.TDS.Master\Sitecore.Partner.AboutInformation.Module.TDS.Master.scproj", "{3C4E4032-40A7-4478-A8AC-FFA7DEDB27C2}"
EndProject
Project("{2150E333-8FDC-42A3-9474-1A3956D46DE8}") = "Packages", "Packages", "{154A1816-71D9-47BE-BC6F-C53AE041E1AE}"
	ProjectSection(SolutionItems) = preProject
		Packages\Sitecore Partner AboutInformation Module-Version 1.0.0.0.zip = Packages\Sitecore Partner AboutInformation Module-Version 1.0.0.0.zip
	EndProjectSection
EndProject
Global
	GlobalSection(SolutionConfigurationPlatforms) = preSolution
		Debug|Any CPU = Debug|Any CPU
		Release|Any CPU = Release|Any CPU
	EndGlobalSection
	GlobalSection(ProjectConfigurationPlatforms) = postSolution
		{D0B1B2E2-17F1-445A-B1BE-0DEC77927B0C}.Debug|Any CPU.ActiveCfg = Debug|Any CPU
		{D0B1B2E2-17F1-445A-B1BE-0DEC77927B0C}.Debug|Any CPU.Build.0 = Debug|Any CPU
		{D0B1B2E2-17F1-445A-B1BE-0DEC77927B0C}.Release|Any CPU.ActiveCfg = Release|Any CPU
		{D0B1B2E2-17F1-445A-B1BE-0DEC77927B0C}.Release|Any CPU.Build.0 = Release|Any CPU
		{3C4E4032-40A7-4478-A8AC-FFA7DEDB27C2}.Debug|Any CPU.ActiveCfg = Debug|Any CPU
		{3C4E4032-40A7-4478-A8AC-FFA7DEDB27C2}.Debug|Any CPU.Build.0 = Debug|Any CPU
		{3C4E4032-40A7-4478-A8AC-FFA7DEDB27C2}.Debug|Any CPU.Deploy.0 = Debug|Any CPU
		{3C4E4032-40A7-4478-A8AC-FFA7DEDB27C2}.Release|Any CPU.ActiveCfg = Release|Any CPU
		{3C4E4032-40A7-4478-A8AC-FFA7DEDB27C2}.Release|Any CPU.Build.0 = Release|Any CPU
		{3C4E4032-40A7-4478-A8AC-FFA7DEDB27C2}.Release|Any CPU.Deploy.0 = Release|Any CPU
	EndGlobalSection
	GlobalSection(SolutionProperties) = preSolution
		HideSolutionNode = FALSE
	EndGlobalSection
EndGlobal
